
Microsoft Visual Studio Solution File, Format Version 12.00
# Visual Studio Version 17
VisualStudioVersion = 17.0.32014.148
MinimumVisualStudioVersion = 10.0.40219.1
Project("{FAE04EC0-301F-11D3-BF4B-00C04F79EFBC}") = "МатулевскаяПР18.Android", "МатулевскаяПР18\МатулевскаяПР18.Android\МатулевскаяПР18.Android.csproj", "{A5143C9D-0EC3-4EBA-9182-D006A192BDA8}"
EndProject
Project("{FAE04EC0-301F-11D3-BF4B-00C04F79EFBC}") = "МатулевскаяПР18.iOS", "МатулевскаяПР18\МатулевскаяПР18.iOS\МатулевскаяПР18.iOS.csproj", "{5FDDD55E-8813-44BF-AB9E-6417DC4FE8D1}"
EndProject
Project("{FAE04EC0-301F-11D3-BF4B-00C04F79EFBC}") = "МатулевскаяПР18", "МатулевскаяПР18\МатулевскаяПР18\МатулевскаяПР18.csproj", "{EFAF7C46-64A3-4DFD-926C-1B214A0AC0B7}"
EndProject
Global
	GlobalSection(SolutionConfigurationPlatforms) = preSolution
		Debug|Any CPU = Debug|Any CPU
		Debug|iPhone = Debug|iPhone
		Debug|iPhoneSimulator = Debug|iPhoneSimulator
		Release|Any CPU = Release|Any CPU
		Release|iPhone = Release|iPhone
		Release|iPhoneSimulator = Release|iPhoneSimulator
	EndGlobalSection
	GlobalSection(ProjectConfigurationPlatforms) = postSolution
		{A5143C9D-0EC3-4EBA-9182-D006A192BDA8}.Debug|Any CPU.ActiveCfg = Debug|Any CPU
		{A5143C9D-0EC3-4EBA-9182-D006A192BDA8}.Debug|Any CPU.Build.0 = Debug|Any CPU
		{A5143C9D-0EC3-4EBA-9182-D006A192BDA8}.Debug|Any CPU.Deploy.0 = Debug|Any CPU
		{A5143C9D-0EC3-4EBA-9182-D006A192BDA8}.Debug|iPhone.ActiveCfg = Debug|Any CPU
		{A5143C9D-0EC3-4EBA-9182-D006A192BDA8}.Debug|iPhone.Build.0 = Debug|Any CPU
		{A5143C9D-0EC3-4EBA-9182-D006A192BDA8}.Debug|iPhone.Deploy.0 = Debug|Any CPU
		{A5143C9D-0EC3-4EBA-9182-D006A192BDA8}.Debug|iPhoneSimulator.ActiveCfg = Debug|Any CPU
		{A5143C9D-0EC3-4EBA-9182-D006A192BDA8}.Debug|iPhoneSimulator.Build.0 = Debug|Any CPU
		{A5143C9D-0EC3-4EBA-9182-D006A192BDA8}.Debug|iPhoneSimulator.Deploy.0 = Debug|Any CPU
		{A5143C9D-0EC3-4EBA-9182-D006A192BDA8}.Release|Any CPU.ActiveCfg = Release|Any CPU
		{A5143C9D-0EC3-4EBA-9182-D006A192BDA8}.Release|Any CPU.Build.0 = Release|Any CPU
		{A5143C9D-0EC3-4EBA-9182-D006A192BDA8}.Release|Any CPU.Deploy.0 = Release|Any CPU
		{A5143C9D-0EC3-4EBA-9182-D006A192BDA8}.Release|iPhone.ActiveCfg = Release|Any CPU
		{A5143C9D-0EC3-4EBA-9182-D006A192BDA8}.Release|iPhone.Build.0 = Release|Any CPU
		{A5143C9D-0EC3-4EBA-9182-D006A192BDA8}.Release|iPhone.Deploy.0 = Release|Any CPU
		{A5143C9D-0EC3-4EBA-9182-D006A192BDA8}.Release|iPhoneSimulator.ActiveCfg = Release|Any CPU
		{A5143C9D-0EC3-4EBA-9182-D006A192BDA8}.Release|iPhoneSimulator.Build.0 = Release|Any CPU
		{A5143C9D-0EC3-4EBA-9182-D006A192BDA8}.Release|iPhoneSimulator.Deploy.0 = Release|Any CPU
		{5FDDD55E-8813-44BF-AB9E-6417DC4FE8D1}.Debug|Any CPU.ActiveCfg = Debug|iPhone
		{5FDDD55E-8813-44BF-AB9E-6417DC4FE8D1}.Debug|Any CPU.Build.0 = Debug|iPhone
		{5FDDD55E-8813-44BF-AB9E-6417DC4FE8D1}.Debug|Any CPU.Deploy.0 = Debug|iPhone
		{5FDDD55E-8813-44BF-AB9E-6417DC4FE8D1}.Debug|iPhone.ActiveCfg = Debug|iPhone
		{5FDDD55E-8813-44BF-AB9E-6417DC4FE8D1}.Debug|iPhone.Build.0 = Debug|iPhone
		{5FDDD55E-8813-44BF-AB9E-6417DC4FE8D1}.Debug|iPhone.Deploy.0 = Debug|iPhone
		{5FDDD55E-8813-44BF-AB9E-6417DC4FE8D1}.Debug|iPhoneSimulator.ActiveCfg = Debug|iPhoneSimulator
		{5FDDD55E-8813-44BF-AB9E-6417DC4FE8D1}.Debug|iPhoneSimulator.Build.0 = Debug|iPhoneSimulator
		{5FDDD55E-8813-44BF-AB9E-6417DC4FE8D1}.Debug|iPhoneSimulator.Deploy.0 = Debug|iPhoneSimulator
		{5FDDD55E-8813-44BF-AB9E-6417DC4FE8D1}.Release|Any CPU.ActiveCfg = Release|iPhoneSimulator
		{5FDDD55E-8813-44BF-AB9E-6417DC4FE8D1}.Release|Any CPU.Build.0 = Release|iPhoneSimulator
		{5FDDD55E-8813-44BF-AB9E-6417DC4FE8D1}.Release|Any CPU.Deploy.0 = Release|iPhoneSimulator
		{5FDDD55E-8813-44BF-AB9E-6417DC4FE8D1}.Release|iPhone.ActiveCfg = Release|iPhone
		{5FDDD55E-8813-44BF-AB9E-6417DC4FE8D1}.Release|iPhone.Build.0 = Release|iPhone
		{5FDDD55E-8813-44BF-AB9E-6417DC4FE8D1}.Release|iPhone.Deploy.0 = Release|iPhone
		{5FDDD55E-8813-44BF-AB9E-6417DC4FE8D1}.Release|iPhoneSimulator.ActiveCfg = Release|iPhoneSimulator
		{5FDDD55E-8813-44BF-AB9E-6417DC4FE8D1}.Release|iPhoneSimulator.Build.0 = Release|iPhoneSimulator
		{5FDDD55E-8813-44BF-AB9E-6417DC4FE8D1}.Release|iPhoneSimulator.Deploy.0 = Release|iPhoneSimulator
		{EFAF7C46-64A3-4DFD-926C-1B214A0AC0B7}.Debug|Any CPU.ActiveCfg = Debug|Any CPU
		{EFAF7C46-64A3-4DFD-926C-1B214A0AC0B7}.Debug|Any CPU.Build.0 = Debug|Any CPU
		{EFAF7C46-64A3-4DFD-926C-1B214A0AC0B7}.Debug|Any CPU.Deploy.0 = Debug|Any CPU
		{EFAF7C46-64A3-4DFD-926C-1B214A0AC0B7}.Debug|iPhone.ActiveCfg = Debug|Any CPU
		{EFAF7C46-64A3-4DFD-926C-1B214A0AC0B7}.Debug|iPhone.Build.0 = Debug|Any CPU
		{EFAF7C46-64A3-4DFD-926C-1B214A0AC0B7}.Debug|iPhone.Deploy.0 = Debug|Any CPU
		{EFAF7C46-64A3-4DFD-926C-1B214A0AC0B7}.Debug|iPhoneSimulator.ActiveCfg = Debug|Any CPU
		{EFAF7C46-64A3-4DFD-926C-1B214A0AC0B7}.Debug|iPhoneSimulator.Build.0 = Debug|Any CPU
		{EFAF7C46-64A3-4DFD-926C-1B214A0AC0B7}.Debug|iPhoneSimulator.Deploy.0 = Debug|Any CPU
		{EFAF7C46-64A3-4DFD-926C-1B214A0AC0B7}.Release|Any CPU.ActiveCfg = Release|Any CPU
		{EFAF7C46-64A3-4DFD-926C-1B214A0AC0B7}.Release|Any CPU.Build.0 = Release|Any CPU
		{EFAF7C46-64A3-4DFD-926C-1B214A0AC0B7}.Release|Any CPU.Deploy.0 = Release|Any CPU
		{EFAF7C46-64A3-4DFD-926C-1B214A0AC0B7}.Release|iPhone.ActiveCfg = Release|Any CPU
		{EFAF7C46-64A3-4DFD-926C-1B214A0AC0B7}.Release|iPhone.Build.0 = Release|Any CPU
		{EFAF7C46-64A3-4DFD-926C-1B214A0AC0B7}.Release|iPhone.Deploy.0 = Release|Any CPU
		{EFAF7C46-64A3-4DFD-926C-1B214A0AC0B7}.Release|iPhoneSimulator.ActiveCfg = Release|Any CPU
		{EFAF7C46-64A3-4DFD-926C-1B214A0AC0B7}.Release|iPhoneSimulator.Build.0 = Release|Any CPU
		{EFAF7C46-64A3-4DFD-926C-1B214A0AC0B7}.Release|iPhoneSimulator.Deploy.0 = Release|Any CPU
	EndGlobalSection
	GlobalSection(SolutionProperties) = preSolution
		HideSolutionNode = FALSE
	EndGlobalSection
	GlobalSection(ExtensibilityGlobals) = postSolution
		SolutionGuid = {D3708A48-C05D-4125-A251-8DA68D38EF93}
	EndGlobalSection
EndGlobal
